
Microsoft Visual Studio Solution File, Format Version 12.00
# Visual Studio Version 16
VisualStudioVersion = 16.0.31424.327
MinimumVisualStudioVersion = 10.0.40219.1
Project("{FAE04EC0-301F-11D3-BF4B-00C04F79EFBC}") = "Proyecto formulario", "Proyecto formulario\Proyecto formulario.csproj", "{72179B99-5BAB-4582-809C-1C143699FDC3}"
EndProject
Global
	GlobalSection(SolutionConfigurationPlatforms) = preSolution
		Debug|Any CPU = Debug|Any CPU
		Release|Any CPU = Release|Any CPU
	EndGlobalSection
	GlobalSection(ProjectConfigurationPlatforms) = postSolution
		{72179B99-5BAB-4582-809C-1C143699FDC3}.Debug|Any CPU.ActiveCfg = Debug|Any CPU
		{72179B99-5BAB-4582-809C-1C143699FDC3}.Debug|Any CPU.Build.0 = Debug|Any CPU
		{72179B99-5BAB-4582-809C-1C143699FDC3}.Release|Any CPU.ActiveCfg = Release|Any CPU
		{72179B99-5BAB-4582-809C-1C143699FDC3}.Release|Any CPU.Build.0 = Release|Any CPU
	EndGlobalSection
	GlobalSection(SolutionProperties) = preSolution
		HideSolutionNode = FALSE
	EndGlobalSection
	GlobalSection(ExtensibilityGlobals) = postSolution
		SolutionGuid = {12A44EAC-6D67-4EFE-AC2A-AE296146586B}
	EndGlobalSection
EndGlobal
